
Microsoft Visual Studio Solution File, Format Version 12.00
# Visual Studio Version 17
VisualStudioVersion = 17.14.36408.4 d17.14
MinimumVisualStudioVersion = 10.0.40219.1
Project("{FAE04EC0-301F-11D3-BF4B-00C04F79EFBC}") = "Domain", "src\Domain\Domain.csproj", "{FA8FCD09-90D3-4D08-B394-8944111DCBBC}"
EndProject
Project("{2150E333-8FDC-42A3-9474-1A3956D46DE8}") = "Enpoints", "Enpoints", "{02EA681E-C7D8-13C7-8484-4AC65E1B71E8}"
EndProject
Project("{FAE04EC0-301F-11D3-BF4B-00C04F79EFBC}") = "BilyardManagemenApi", "src\BilyardManagemenApi\BilyardManagemenApi.csproj", "{C13AA268-C16B-4237-B175-ACB063D4E1E2}"
EndProject
Project("{FAE04EC0-301F-11D3-BF4B-00C04F79EFBC}") = "Infrustructure", "src\Infrustructure\Infrustructure.csproj", "{A15DB078-B936-47A9-A99B-97615AB3E79D}"
EndProject
Global
	GlobalSection(SolutionConfigurationPlatforms) = preSolution
		Debug|Any CPU = Debug|Any CPU
		Release|Any CPU = Release|Any CPU
	EndGlobalSection
	GlobalSection(ProjectConfigurationPlatforms) = postSolution
		{FA8FCD09-90D3-4D08-B394-8944111DCBBC}.Debug|Any CPU.ActiveCfg = Debug|Any CPU
		{FA8FCD09-90D3-4D08-B394-8944111DCBBC}.Debug|Any CPU.Build.0 = Debug|Any CPU
		{FA8FCD09-90D3-4D08-B394-8944111DCBBC}.Release|Any CPU.ActiveCfg = Release|Any CPU
		{FA8FCD09-90D3-4D08-B394-8944111DCBBC}.Release|Any CPU.Build.0 = Release|Any CPU
		{C13AA268-C16B-4237-B175-ACB063D4E1E2}.Debug|Any CPU.ActiveCfg = Debug|Any CPU
		{C13AA268-C16B-4237-B175-ACB063D4E1E2}.Debug|Any CPU.Build.0 = Debug|Any CPU
		{C13AA268-C16B-4237-B175-ACB063D4E1E2}.Release|Any CPU.ActiveCfg = Release|Any CPU
		{C13AA268-C16B-4237-B175-ACB063D4E1E2}.Release|Any CPU.Build.0 = Release|Any CPU
		{A15DB078-B936-47A9-A99B-97615AB3E79D}.Debug|Any CPU.ActiveCfg = Debug|Any CPU
		{A15DB078-B936-47A9-A99B-97615AB3E79D}.Debug|Any CPU.Build.0 = Debug|Any CPU
		{A15DB078-B936-47A9-A99B-97615AB3E79D}.Release|Any CPU.ActiveCfg = Release|Any CPU
		{A15DB078-B936-47A9-A99B-97615AB3E79D}.Release|Any CPU.Build.0 = Release|Any CPU
	EndGlobalSection
	GlobalSection(SolutionProperties) = preSolution
		HideSolutionNode = FALSE
	EndGlobalSection
	GlobalSection(NestedProjects) = preSolution
		{C13AA268-C16B-4237-B175-ACB063D4E1E2} = {02EA681E-C7D8-13C7-8484-4AC65E1B71E8}
	EndGlobalSection
	GlobalSection(ExtensibilityGlobals) = postSolution
		SolutionGuid = {0377E4CC-8736-4DCB-88A2-B894146F38C0}
	EndGlobalSection
EndGlobal
